
Microsoft Visual Studio Solution File, Format Version 12.00
# Visual Studio Version 16
VisualStudioVersion = 16.0.29613.14
MinimumVisualStudioVersion = 10.0.40219.1
Project("{8BC9CEB8-8B4A-11D0-8D11-00A0C91BC942}") = "catconnect", "catconnect.vcxproj", "{B489E3FE-6F86-4306-BFFF-F27447834DB0}"
EndProject
Global
	GlobalSection(SolutionConfigurationPlatforms) = preSolution
		Debug|x86 = Debug|x86
		Release|x86 = Release|x86
	EndGlobalSection
	GlobalSection(ProjectConfigurationPlatforms) = postSolution
		{B489E3FE-6F86-4306-BFFF-F27447834DB0}.Debug|x86.ActiveCfg = Debug|Win32
		{B489E3FE-6F86-4306-BFFF-F27447834DB0}.Debug|x86.Build.0 = Debug|Win32
		{B489E3FE-6F86-4306-BFFF-F27447834DB0}.Release|x86.ActiveCfg = Release|Win32
		{B489E3FE-6F86-4306-BFFF-F27447834DB0}.Release|x86.Build.0 = Release|Win32
	EndGlobalSection
	GlobalSection(SolutionProperties) = preSolution
		HideSolutionNode = FALSE
	EndGlobalSection
	GlobalSection(ExtensibilityGlobals) = postSolution
		SolutionGuid = {6C20667E-EB32-4305-89BF-279A9631A712}
	EndGlobalSection
EndGlobal
